// !$*UTF8*$!
{
	archiveVersion = 1;
	classes = {
	};
	objectVersion = 56;
	objects = {

/* Begin PBXBuildFile section */
		F361973D2EDB1D4600AD141A /* MapSheetModifier.swift in Sources */ = {isa = PBXBuildFile; fileRef = F361973C2EDB1D4600AD141A /* MapSheetModifier.swift */; };
		F3905E6D2EC3906B0030443A /* YelpNetworkManagerTests.swift in Sources */ = {isa = PBXBuildFile; fileRef = F3905E6C2EC3906B0030443A /* YelpNetworkManagerTests.swift */; };
		F3905E6F2EC390A70030443A /* MockURLProtocol.swift in Sources */ = {isa = PBXBuildFile; fileRef = F3905E6E2EC390A70030443A /* MockURLProtocol.swift */; };
		F3905E712EC391860030443A /* MockYelpService.swift in Sources */ = {isa = PBXBuildFile; fileRef = F3905E702EC391860030443A /* MockYelpService.swift */; };
		F3905E732EC391A50030443A /* MapViewModelTest.swift in Sources */ = {isa = PBXBuildFile; fileRef = F3905E722EC391A50030443A /* MapViewModelTest.swift */; };
		F3905E772EC3E2200030443A /* SearchBarView.swift in Sources */ = {isa = PBXBuildFile; fileRef = F3905E762EC3E2200030443A /* SearchBarView.swift */; };
		F39F50CD2EBE50B900B9C6F3 /* Localizable.xcstrings in Resources */ = {isa = PBXBuildFile; fileRef = F39F50CC2EBE50B900B9C6F3 /* Localizable.xcstrings */; };
		F3C17E7C2EBA780000E62F6D /* ListSheetView.swift in Sources */ = {isa = PBXBuildFile; fileRef = F3C17E7B2EBA780000E62F6D /* ListSheetView.swift */; };
		F3F460D02EB6976D000069CC /* appModel.swift in Sources */ = {isa = PBXBuildFile; fileRef = F3F460CF2EB6976D000069CC /* appModel.swift */; };
		F3F460D22EB6995F000069CC /* YelpNetworkManager.swift in Sources */ = {isa = PBXBuildFile; fileRef = F3F460D12EB6995F000069CC /* YelpNetworkManager.swift */; };
		F3F460D42EB69B82000069CC /* NetworkError.swift in Sources */ = {isa = PBXBuildFile; fileRef = F3F460D32EB69B82000069CC /* NetworkError.swift */; };
		F3F460D62EB69CEC000069CC /* APIErrorResponse.swift in Sources */ = {isa = PBXBuildFile; fileRef = F3F460D52EB69CEC000069CC /* APIErrorResponse.swift */; };
		F3F460D82EB7B6AC000069CC /* MapViewModel.swift in Sources */ = {isa = PBXBuildFile; fileRef = F3F460D72EB7B6AC000069CC /* MapViewModel.swift */; };
		F3F460DB2EB7BA04000069CC /* MapViewModelProtocol.swift in Sources */ = {isa = PBXBuildFile; fileRef = F3F460DA2EB7BA04000069CC /* MapViewModelProtocol.swift */; };
		F3F460DD2EB7BF98000069CC /* MapSearchView.swift in Sources */ = {isa = PBXBuildFile; fileRef = F3F460DC2EB7BF98000069CC /* MapSearchView.swift */; };
		F3F460DF2EB7BFC8000069CC /* FiltersView.swift in Sources */ = {isa = PBXBuildFile; fileRef = F3F460DE2EB7BFC8000069CC /* FiltersView.swift */; };
		F3FBBEC82EB3AFB30012FABE /* coffeeProjectApp.swift in Sources */ = {isa = PBXBuildFile; fileRef = F3FBBEC72EB3AFB30012FABE /* coffeeProjectApp.swift */; };
		F3FBBECA2EB3AFB30012FABE /* ContentView.swift in Sources */ = {isa = PBXBuildFile; fileRef = F3FBBEC92EB3AFB30012FABE /* ContentView.swift */; };
		F3FBBECC2EB3AFB40012FABE /* Assets.xcassets in Resources */ = {isa = PBXBuildFile; fileRef = F3FBBECB2EB3AFB40012FABE /* Assets.xcassets */; };
		F3FBBECF2EB3AFB40012FABE /* Preview Assets.xcassets in Resources */ = {isa = PBXBuildFile; fileRef = F3FBBECE2EB3AFB40012FABE /* Preview Assets.xcassets */; };
		F3FF9B722EC37F9D00F53C50 /* MapScreenView.swift in Sources */ = {isa = PBXBuildFile; fileRef = F3FF9B712EC37F9D00F53C50 /* MapScreenView.swift */; };
/* End PBXBuildFile section */

/* Begin PBXContainerItemProxy section */
		F3905E642EC38C320030443A /* PBXContainerItemProxy */ = {
			isa = PBXContainerItemProxy;
			containerPortal = F3FBBEBC2EB3AFB30012FABE /* Project object */;
			proxyType = 1;
			remoteGlobalIDString = F3FBBEC32EB3AFB30012FABE;
			remoteInfo = coffeeProject;
		};
/* End PBXContainerItemProxy section */

/* Begin PBXFileReference section */
		F361973C2EDB1D4600AD141A /* MapSheetModifier.swift */ = {isa = PBXFileReference; lastKnownFileType = sourcecode.swift; path = MapSheetModifier.swift; sourceTree = "<group>"; };
		F3905E602EC38C320030443A /* coffeeProjectTests.xctest */ = {isa = PBXFileReference; explicitFileType = wrapper.cfbundle; includeInIndex = 0; path = coffeeProjectTests.xctest; sourceTree = BUILT_PRODUCTS_DIR; };
		F3905E6C2EC3906B0030443A /* YelpNetworkManagerTests.swift */ = {isa = PBXFileReference; lastKnownFileType = sourcecode.swift; path = YelpNetworkManagerTests.swift; sourceTree = "<group>"; };
		F3905E6E2EC390A70030443A /* MockURLProtocol.swift */ = {isa = PBXFileReference; lastKnownFileType = sourcecode.swift; path = MockURLProtocol.swift; sourceTree = "<group>"; };
		F3905E702EC391860030443A /* MockYelpService.swift */ = {isa = PBXFileReference; lastKnownFileType = sourcecode.swift; path = MockYelpService.swift; sourceTree = "<group>"; };
		F3905E722EC391A50030443A /* MapViewModelTest.swift */ = {isa = PBXFileReference; lastKnownFileType = sourcecode.swift; path = MapViewModelTest.swift; sourceTree = "<group>"; };
		F3905E762EC3E2200030443A /* SearchBarView.swift */ = {isa = PBXFileReference; lastKnownFileType = sourcecode.swift; path = SearchBarView.swift; sourceTree = "<group>"; };
		F39F50CC2EBE50B900B9C6F3 /* Localizable.xcstrings */ = {isa = PBXFileReference; lastKnownFileType = text.json.xcstrings; path = Localizable.xcstrings; sourceTree = "<group>"; };
		F3C17E7B2EBA780000E62F6D /* ListSheetView.swift */ = {isa = PBXFileReference; lastKnownFileType = sourcecode.swift; path = ListSheetView.swift; sourceTree = "<group>"; };
		F3F460CC2EB3E6AE000069CC /* Config.xcconfig */ = {isa = PBXFileReference; lastKnownFileType = text.xcconfig; path = Config.xcconfig; sourceTree = "<group>"; };
		F3F460CD2EB3E6FD000069CC /* Info.plist */ = {isa = PBXFileReference; lastKnownFileType = text.plist.xml; path = Info.plist; sourceTree = "<group>"; };
		F3F460CF2EB6976D000069CC /* appModel.swift */ = {isa = PBXFileReference; lastKnownFileType = sourcecode.swift; path = appModel.swift; sourceTree = "<group>"; };
		F3F460D12EB6995F000069CC /* YelpNetworkManager.swift */ = {isa = PBXFileReference; lastKnownFileType = sourcecode.swift; path = YelpNetworkManager.swift; sourceTree = "<group>"; };
		F3F460D32EB69B82000069CC /* NetworkError.swift */ = {isa = PBXFileReference; lastKnownFileType = sourcecode.swift; path = NetworkError.swift; sourceTree = "<group>"; };
		F3F460D52EB69CEC000069CC /* APIErrorResponse.swift */ = {isa = PBXFileReference; lastKnownFileType = sourcecode.swift; path = APIErrorResponse.swift; sourceTree = "<group>"; };
		F3F460D72EB7B6AC000069CC /* MapViewModel.swift */ = {isa = PBXFileReference; lastKnownFileType = sourcecode.swift; path = MapViewModel.swift; sourceTree = "<group>"; };
		F3F460DA2EB7BA04000069CC /* MapViewModelProtocol.swift */ = {isa = PBXFileReference; lastKnownFileType = sourcecode.swift; path = MapViewModelProtocol.swift; sourceTree = "<group>"; };
		F3F460DC2EB7BF98000069CC /* MapSearchView.swift */ = {isa = PBXFileReference; lastKnownFileType = sourcecode.swift; path = MapSearchView.swift; sourceTree = "<group>"; };
		F3F460DE2EB7BFC8000069CC /* FiltersView.swift */ = {isa = PBXFileReference; lastKnownFileType = sourcecode.swift; path = FiltersView.swift; sourceTree = "<group>"; };
		F3FBBEC42EB3AFB30012FABE /* coffeeProject.app */ = {isa = PBXFileReference; explicitFileType = wrapper.application; includeInIndex = 0; path = coffeeProject.app; sourceTree = BUILT_PRODUCTS_DIR; };
		F3FBBEC72EB3AFB30012FABE /* coffeeProjectApp.swift */ = {isa = PBXFileReference; lastKnownFileType = sourcecode.swift; path = coffeeProjectApp.swift; sourceTree = "<group>"; };
		F3FBBEC92EB3AFB30012FABE /* ContentView.swift */ = {isa = PBXFileReference; lastKnownFileType = sourcecode.swift; path = ContentView.swift; sourceTree = "<group>"; };
		F3FBBECB2EB3AFB40012FABE /* Assets.xcassets */ = {isa = PBXFileReference; lastKnownFileType = folder.assetcatalog; path = Assets.xcassets; sourceTree = "<group>"; };
		F3FBBECE2EB3AFB40012FABE /* Preview Assets.xcassets */ = {isa = PBXFileReference; lastKnownFileType = folder.assetcatalog; path = "Preview Assets.xcassets"; sourceTree = "<group>"; };
		F3FF9B712EC37F9D00F53C50 /* MapScreenView.swift */ = {isa = PBXFileReference; lastKnownFileType = sourcecode.swift; path = MapScreenView.swift; sourceTree = "<group>"; };
/* End PBXFileReference section */

/* Begin PBXFrameworksBuildPhase section */
		F3905E5D2EC38C320030443A /* Frameworks */ = {
			isa = PBXFrameworksBuildPhase;
			buildActionMask = 2147483647;
			files = (
			);
			runOnlyForDeploymentPostprocessing = 0;
		};
		F3FBBEC12EB3AFB30012FABE /* Frameworks */ = {
			isa = PBXFrameworksBuildPhase;
			buildActionMask = 2147483647;
			files = (
			);
			runOnlyForDeploymentPostprocessing = 0;
		};
/* End PBXFrameworksBuildPhase section */

/* Begin PBXGroup section */
		F361973B2EDB1D0200AD141A /* Modifiers */ = {
			isa = PBXGroup;
			children = (
				F361973C2EDB1D4600AD141A /* MapSheetModifier.swift */,
			);
			path = Modifiers;
			sourceTree = "<group>";
		};
		F3905E612EC38C320030443A /* coffeeProjectTests */ = {
			isa = PBXGroup;
			children = (
				F3905E6B2EC38FC20030443A /* Views */,
				F3905E6A2EC38FB40030443A /* ViewModel */,
				F3905E692EC38FAA0030443A /* Network */,
			);
			path = coffeeProjectTests;
			sourceTree = "<group>";
		};
		F3905E692EC38FAA0030443A /* Network */ = {
			isa = PBXGroup;
			children = (
				F3905E6C2EC3906B0030443A /* YelpNetworkManagerTests.swift */,
				F3905E6E2EC390A70030443A /* MockURLProtocol.swift */,
			);
			path = Network;
			sourceTree = "<group>";
		};
		F3905E6A2EC38FB40030443A /* ViewModel */ = {
			isa = PBXGroup;
			children = (
				F3905E702EC391860030443A /* MockYelpService.swift */,
				F3905E722EC391A50030443A /* MapViewModelTest.swift */,
			);
			path = ViewModel;
			sourceTree = "<group>";
		};
		F3905E6B2EC38FC20030443A /* Views */ = {
			isa = PBXGroup;
			children = (
			);
			path = Views;
			sourceTree = "<group>";
		};
		F3F460C82EB3E311000069CC /* Model */ = {
			isa = PBXGroup;
			children = (
				F3F460CF2EB6976D000069CC /* appModel.swift */,
			);
			path = Model;
			sourceTree = "<group>";
		};
		F3F460C92EB3E318000069CC /* ViewModel */ = {
			isa = PBXGroup;
			children = (
				F3F460D92EB7B9EF000069CC /* Protocols */,
				F3F460D72EB7B6AC000069CC /* MapViewModel.swift */,
			);
			path = ViewModel;
			sourceTree = "<group>";
		};
		F3F460CA2EB3E31D000069CC /* View */ = {
			isa = PBXGroup;
			children = (
				F361973B2EDB1D0200AD141A /* Modifiers */,
				F3F460DC2EB7BF98000069CC /* MapSearchView.swift */,
				F3F460DE2EB7BFC8000069CC /* FiltersView.swift */,
				F3C17E7B2EBA780000E62F6D /* ListSheetView.swift */,
				F3FF9B712EC37F9D00F53C50 /* MapScreenView.swift */,
				F3905E762EC3E2200030443A /* SearchBarView.swift */,
			);
			path = View;
			sourceTree = "<group>";
		};
		F3F460CB2EB3E323000069CC /* NetworkManager */ = {
			isa = PBXGroup;
			children = (
				F3F460D12EB6995F000069CC /* YelpNetworkManager.swift */,
				F3F460D32EB69B82000069CC /* NetworkError.swift */,
				F3F460D52EB69CEC000069CC /* APIErrorResponse.swift */,
			);
			path = NetworkManager;
			sourceTree = "<group>";
		};
		F3F460D92EB7B9EF000069CC /* Protocols */ = {
			isa = PBXGroup;
			children = (
				F3F460DA2EB7BA04000069CC /* MapViewModelProtocol.swift */,
			);
			path = Protocols;
			sourceTree = "<group>";
		};
		F3FBBEBB2EB3AFB30012FABE = {
			isa = PBXGroup;
			children = (
				F3FBBEC62EB3AFB30012FABE /* coffeeProject */,
				F3905E612EC38C320030443A /* coffeeProjectTests */,
				F3FBBEC52EB3AFB30012FABE /* Products */,
			);
			sourceTree = "<group>";
		};
		F3FBBEC52EB3AFB30012FABE /* Products */ = {
			isa = PBXGroup;
			children = (
				F3FBBEC42EB3AFB30012FABE /* coffeeProject.app */,
				F3905E602EC38C320030443A /* coffeeProjectTests.xctest */,
			);
			name = Products;
			sourceTree = "<group>";
		};
		F3FBBEC62EB3AFB30012FABE /* coffeeProject */ = {
			isa = PBXGroup;
			children = (
				F3F460CB2EB3E323000069CC /* NetworkManager */,
				F3F460C82EB3E311000069CC /* Model */,
				F3F460C92EB3E318000069CC /* ViewModel */,
				F3F460CA2EB3E31D000069CC /* View */,
				F3FBBEC72EB3AFB30012FABE /* coffeeProjectApp.swift */,
				F3FBBEC92EB3AFB30012FABE /* ContentView.swift */,
				F3FBBECB2EB3AFB40012FABE /* Assets.xcassets */,
				F3FBBECD2EB3AFB40012FABE /* Preview Content */,
				F3F460CC2EB3E6AE000069CC /* Config.xcconfig */,
				F3F460CD2EB3E6FD000069CC /* Info.plist */,
				F39F50CC2EBE50B900B9C6F3 /* Localizable.xcstrings */,
			);
			path = coffeeProject;
			sourceTree = "<group>";
		};
		F3FBBECD2EB3AFB40012FABE /* Preview Content */ = {
			isa = PBXGroup;
			children = (
				F3FBBECE2EB3AFB40012FABE /* Preview Assets.xcassets */,
			);
			path = "Preview Content";
			sourceTree = "<group>";
		};
/* End PBXGroup section */

/* Begin PBXNativeTarget section */
		F3905E5F2EC38C320030443A /* coffeeProjectTests */ = {
			isa = PBXNativeTarget;
			buildConfigurationList = F3905E682EC38C320030443A /* Build configuration list for PBXNativeTarget "coffeeProjectTests" */;
			buildPhases = (
				F3905E5C2EC38C320030443A /* Sources */,
				F3905E5D2EC38C320030443A /* Frameworks */,
				F3905E5E2EC38C320030443A /* Resources */,
			);
			buildRules = (
			);
			dependencies = (
				F3905E652EC38C320030443A /* PBXTargetDependency */,
			);
			name = coffeeProjectTests;
			productName = coffeeProjectTests;
			productReference = F3905E602EC38C320030443A /* coffeeProjectTests.xctest */;
			productType = "com.apple.product-type.bundle.unit-test";
		};
		F3FBBEC32EB3AFB30012FABE /* coffeeProject */ = {
			isa = PBXNativeTarget;
			buildConfigurationList = F3FBBED22EB3AFB40012FABE /* Build configuration list for PBXNativeTarget "coffeeProject" */;
			buildPhases = (
				F3FBBEC02EB3AFB30012FABE /* Sources */,
				F3FBBEC12EB3AFB30012FABE /* Frameworks */,
				F3FBBEC22EB3AFB30012FABE /* Resources */,
			);
			buildRules = (
			);
			dependencies = (
			);
			name = coffeeProject;
			productName = coffeeProject;
			productReference = F3FBBEC42EB3AFB30012FABE /* coffeeProject.app */;
			productType = "com.apple.product-type.application";
		};
/* End PBXNativeTarget section */

/* Begin PBXProject section */
		F3FBBEBC2EB3AFB30012FABE /* Project object */ = {
			isa = PBXProject;
			attributes = {
				BuildIndependentTargetsInParallel = 1;
				LastSwiftUpdateCheck = 1540;
				LastUpgradeCheck = 1540;
				TargetAttributes = {
					F3905E5F2EC38C320030443A = {
						CreatedOnToolsVersion = 15.4;
						TestTargetID = F3FBBEC32EB3AFB30012FABE;
					};
					F3FBBEC32EB3AFB30012FABE = {
						CreatedOnToolsVersion = 15.4;
					};
				};
			};
			buildConfigurationList = F3FBBEBF2EB3AFB30012FABE /* Build configuration list for PBXProject "coffeeProject" */;
			compatibilityVersion = "Xcode 14.0";
			developmentRegion = en;
			hasScannedForEncodings = 0;
			knownRegions = (
				en,
				uk,
			);
			mainGroup = F3FBBEBB2EB3AFB30012FABE;
			productRefGroup = F3FBBEC52EB3AFB30012FABE /* Products */;
			projectDirPath = "";
			projectRoot = "";
			targets = (
				F3FBBEC32EB3AFB30012FABE /* coffeeProject */,
				F3905E5F2EC38C320030443A /* coffeeProjectTests */,
			);
		};
/* End PBXProject section */

/* Begin PBXResourcesBuildPhase section */
		F3905E5E2EC38C320030443A /* Resources */ = {
			isa = PBXResourcesBuildPhase;
			buildActionMask = 2147483647;
			files = (
			);
			runOnlyForDeploymentPostprocessing = 0;
		};
		F3FBBEC22EB3AFB30012FABE /* Resources */ = {
			isa = PBXResourcesBuildPhase;
			buildActionMask = 2147483647;
			files = (
				F3FBBECF2EB3AFB40012FABE /* Preview Assets.xcassets in Resources */,
				F3FBBECC2EB3AFB40012FABE /* Assets.xcassets in Resources */,
				F39F50CD2EBE50B900B9C6F3 /* Localizable.xcstrings in Resources */,
			);
			runOnlyForDeploymentPostprocessing = 0;
		};
/* End PBXResourcesBuildPhase section */

/* Begin PBXSourcesBuildPhase section */
		F3905E5C2EC38C320030443A /* Sources */ = {
			isa = PBXSourcesBuildPhase;
			buildActionMask = 2147483647;
			files = (
				F3905E732EC391A50030443A /* MapViewModelTest.swift in Sources */,
				F3905E6F2EC390A70030443A /* MockURLProtocol.swift in Sources */,
				F3905E712EC391860030443A /* MockYelpService.swift in Sources */,
				F3905E6D2EC3906B0030443A /* YelpNetworkManagerTests.swift in Sources */,
			);
			runOnlyForDeploymentPostprocessing = 0;
		};
		F3FBBEC02EB3AFB30012FABE /* Sources */ = {
			isa = PBXSourcesBuildPhase;
			buildActionMask = 2147483647;
			files = (
				F3F460D02EB6976D000069CC /* appModel.swift in Sources */,
				F3F460DB2EB7BA04000069CC /* MapViewModelProtocol.swift in Sources */,
				F3F460DD2EB7BF98000069CC /* MapSearchView.swift in Sources */,
				F361973D2EDB1D4600AD141A /* MapSheetModifier.swift in Sources */,
				F3FF9B722EC37F9D00F53C50 /* MapScreenView.swift in Sources */,
				F3FBBECA2EB3AFB30012FABE /* ContentView.swift in Sources */,
				F3F460DF2EB7BFC8000069CC /* FiltersView.swift in Sources */,
				F3F460D62EB69CEC000069CC /* APIErrorResponse.swift in Sources */,
				F3F460D22EB6995F000069CC /* YelpNetworkManager.swift in Sources */,
				F3F460D82EB7B6AC000069CC /* MapViewModel.swift in Sources */,
				F3905E772EC3E2200030443A /* SearchBarView.swift in Sources */,
				F3FBBEC82EB3AFB30012FABE /* coffeeProjectApp.swift in Sources */,
				F3C17E7C2EBA780000E62F6D /* ListSheetView.swift in Sources */,
				F3F460D42EB69B82000069CC /* NetworkError.swift in Sources */,
			);
			runOnlyForDeploymentPostprocessing = 0;
		};
/* End PBXSourcesBuildPhase section */

/* Begin PBXTargetDependency section */
		F3905E652EC38C320030443A /* PBXTargetDependency */ = {
			isa = PBXTargetDependency;
			target = F3FBBEC32EB3AFB30012FABE /* coffeeProject */;
			targetProxy = F3905E642EC38C320030443A /* PBXContainerItemProxy */;
		};
/* End PBXTargetDependency section */

/* Begin XCBuildConfiguration section */
		F3905E662EC38C320030443A /* Debug */ = {
			isa = XCBuildConfiguration;
			buildSettings = {
				BUNDLE_LOADER = "$(TEST_HOST)";
				CODE_SIGN_STYLE = Automatic;
				CURRENT_PROJECT_VERSION = 1;
				DEVELOPMENT_TEAM = 3VS5PSVZBG;
				GENERATE_INFOPLIST_FILE = YES;
				IPHONEOS_DEPLOYMENT_TARGET = 17.5;
				MACOSX_DEPLOYMENT_TARGET = 14.3;
				MARKETING_VERSION = 1.0;
				PRODUCT_BUNDLE_IDENTIFIER = meToo.coffeeProjectTests;
				PRODUCT_NAME = "$(TARGET_NAME)";
				SDKROOT = auto;
				SUPPORTED_PLATFORMS = "iphoneos iphonesimulator macosx";
				SWIFT_EMIT_LOC_STRINGS = NO;
				SWIFT_VERSION = 5.0;
				TARGETED_DEVICE_FAMILY = "1,2";
				TEST_HOST = "$(BUILT_PRODUCTS_DIR)/coffeeProject.app/$(BUNDLE_EXECUTABLE_FOLDER_PATH)/coffeeProject";
			};
			name = Debug;
		};
		F3905E672EC38C320030443A /* Release */ = {
			isa = XCBuildConfiguration;
			buildSettings = {
				BUNDLE_LOADER = "$(TEST_HOST)";
				CODE_SIGN_STYLE = Automatic;
				CURRENT_PROJECT_VERSION = 1;
				DEVELOPMENT_TEAM = 3VS5PSVZBG;
				GENERATE_INFOPLIST_FILE = YES;
				IPHONEOS_DEPLOYMENT_TARGET = 17.5;
				MACOSX_DEPLOYMENT_TARGET = 14.3;
				MARKETING_VERSION = 1.0;
				PRODUCT_BUNDLE_IDENTIFIER = meToo.coffeeProjectTests;
				PRODUCT_NAME = "$(TARGET_NAME)";
				SDKROOT = auto;
				SUPPORTED_PLATFORMS = "iphoneos iphonesimulator macosx";
				SWIFT_EMIT_LOC_STRINGS = NO;
				SWIFT_VERSION = 5.0;
				TARGETED_DEVICE_FAMILY = "1,2";
				TEST_HOST = "$(BUILT_PRODUCTS_DIR)/coffeeProject.app/$(BUNDLE_EXECUTABLE_FOLDER_PATH)/coffeeProject";
			};
			name = Release;
		};
		F3FBBED02EB3AFB40012FABE /* Debug */ = {
			isa = XCBuildConfiguration;
			baseConfigurationReference = F3F460CC2EB3E6AE000069CC /* Config.xcconfig */;
			buildSettings = {
				ALWAYS_SEARCH_USER_PATHS = NO;
				ASSETCATALOG_COMPILER_GENERATE_SWIFT_ASSET_SYMBOL_EXTENSIONS = YES;
				CLANG_ANALYZER_NONNULL = YES;
				CLANG_ANALYZER_NUMBER_OBJECT_CONVERSION = YES_AGGRESSIVE;
				CLANG_CXX_LANGUAGE_STANDARD = "gnu++20";
				CLANG_ENABLE_MODULES = YES;
				CLANG_ENABLE_OBJC_ARC = YES;
				CLANG_ENABLE_OBJC_WEAK = YES;
				CLANG_WARN_BLOCK_CAPTURE_AUTORELEASING = YES;
				CLANG_WARN_BOOL_CONVERSION = YES;
				CLANG_WARN_COMMA = YES;
				CLANG_WARN_CONSTANT_CONVERSION = YES;
				CLANG_WARN_DEPRECATED_OBJC_IMPLEMENTATIONS = YES;
				CLANG_WARN_DIRECT_OBJC_ISA_USAGE = YES_ERROR;
				CLANG_WARN_DOCUMENTATION_COMMENTS = YES;
				CLANG_WARN_EMPTY_BODY = YES;
				CLANG_WARN_ENUM_CONVERSION = YES;
				CLANG_WARN_INFINITE_RECURSION = YES;
				CLANG_WARN_INT_CONVERSION = YES;
				CLANG_WARN_NON_LITERAL_NULL_CONVERSION = YES;
				CLANG_WARN_OBJC_IMPLICIT_RETAIN_SELF = YES;
				CLANG_WARN_OBJC_LITERAL_CONVERSION = YES;
				CLANG_WARN_OBJC_ROOT_CLASS = YES_ERROR;
				CLANG_WARN_QUOTED_INCLUDE_IN_FRAMEWORK_HEADER = YES;
				CLANG_WARN_RANGE_LOOP_ANALYSIS = YES;
				CLANG_WARN_STRICT_PROTOTYPES = YES;
				CLANG_WARN_SUSPICIOUS_MOVE = YES;
				CLANG_WARN_UNGUARDED_AVAILABILITY = YES_AGGRESSIVE;
				CLANG_WARN_UNREACHABLE_CODE = YES;
				CLANG_WARN__DUPLICATE_METHOD_MATCH = YES;
				COPY_PHASE_STRIP = NO;
				DEBUG_INFORMATION_FORMAT = dwarf;
				ENABLE_STRICT_OBJC_MSGSEND = YES;
				ENABLE_TESTABILITY = YES;
				ENABLE_USER_SCRIPT_SANDBOXING = YES;
				GCC_C_LANGUAGE_STANDARD = gnu17;
				GCC_DYNAMIC_NO_PIC = NO;
				GCC_NO_COMMON_BLOCKS = YES;
				GCC_OPTIMIZATION_LEVEL = 0;
				GCC_PREPROCESSOR_DEFINITIONS = (
					"DEBUG=1",
					"$(inherited)",
				);
				GCC_WARN_64_TO_32_BIT_CONVERSION = YES;
				GCC_WARN_ABOUT_RETURN_TYPE = YES_ERROR;
				GCC_WARN_UNDECLARED_SELECTOR = YES;
				GCC_WARN_UNINITIALIZED_AUTOS = YES_AGGRESSIVE;
				GCC_WARN_UNUSED_FUNCTION = YES;
				GCC_WARN_UNUSED_VARIABLE = YES;
				IPHONEOS_DEPLOYMENT_TARGET = 17.5;
				LOCALIZATION_PREFERS_STRING_CATALOGS = YES;
				MTL_ENABLE_DEBUG_INFO = INCLUDE_SOURCE;
				MTL_FAST_MATH = YES;
				ONLY_ACTIVE_ARCH = YES;
				SDKROOT = iphoneos;
				SWIFT_ACTIVE_COMPILATION_CONDITIONS = "DEBUG $(inherited)";
				SWIFT_OPTIMIZATION_LEVEL = "-Onone";
			};
			name = Debug;
		};
		F3FBBED12EB3AFB40012FABE /* Release */ = {
			isa = XCBuildConfiguration;
			baseConfigurationReference = F3F460CC2EB3E6AE000069CC /* Config.xcconfig */;
			buildSettings = {
				ALWAYS_SEARCH_USER_PATHS = NO;
				ASSETCATALOG_COMPILER_GENERATE_SWIFT_ASSET_SYMBOL_EXTENSIONS = YES;
				CLANG_ANALYZER_NONNULL = YES;
				CLANG_ANALYZER_NUMBER_OBJECT_CONVERSION = YES_AGGRESSIVE;
				CLANG_CXX_LANGUAGE_STANDARD = "gnu++20";
				CLANG_ENABLE_MODULES = YES;
				CLANG_ENABLE_OBJC_ARC = YES;
				CLANG_ENABLE_OBJC_WEAK = YES;
				CLANG_WARN_BLOCK_CAPTURE_AUTORELEASING = YES;
				CLANG_WARN_BOOL_CONVERSION = YES;
				CLANG_WARN_COMMA = YES;
				CLANG_WARN_CONSTANT_CONVERSION = YES;
				CLANG_WARN_DEPRECATED_OBJC_IMPLEMENTATIONS = YES;
				CLANG_WARN_DIRECT_OBJC_ISA_USAGE = YES_ERROR;
				CLANG_WARN_DOCUMENTATION_COMMENTS = YES;
				CLANG_WARN_EMPTY_BODY = YES;
				CLANG_WARN_ENUM_CONVERSION = YES;
				CLANG_WARN_INFINITE_RECURSION = YES;
				CLANG_WARN_INT_CONVERSION = YES;
				CLANG_WARN_NON_LITERAL_NULL_CONVERSION = YES;
				CLANG_WARN_OBJC_IMPLICIT_RETAIN_SELF = YES;
				CLANG_WARN_OBJC_LITERAL_CONVERSION = YES;
				CLANG_WARN_OBJC_ROOT_CLASS = YES_ERROR;
				CLANG_WARN_QUOTED_INCLUDE_IN_FRAMEWORK_HEADER = YES;
				CLANG_WARN_RANGE_LOOP_ANALYSIS = YES;
				CLANG_WARN_STRICT_PROTOTYPES = YES;
				CLANG_WARN_SUSPICIOUS_MOVE = YES;
				CLANG_WARN_UNGUARDED_AVAILABILITY = YES_AGGRESSIVE;
				CLANG_WARN_UNREACHABLE_CODE = YES;
				CLANG_WARN__DUPLICATE_METHOD_MATCH = YES;
				COPY_PHASE_STRIP = NO;
				DEBUG_INFORMATION_FORMAT = "dwarf-with-dsym";
				ENABLE_NS_ASSERTIONS = NO;
				ENABLE_STRICT_OBJC_MSGSEND = YES;
				ENABLE_USER_SCRIPT_SANDBOXING = YES;
				GCC_C_LANGUAGE_STANDARD = gnu17;
				GCC_NO_COMMON_BLOCKS = YES;
				GCC_WARN_64_TO_32_BIT_CONVERSION = YES;
				GCC_WARN_ABOUT_RETURN_TYPE = YES_ERROR;
				GCC_WARN_UNDECLARED_SELECTOR = YES;
				GCC_WARN_UNINITIALIZED_AUTOS = YES_AGGRESSIVE;
				GCC_WARN_UNUSED_FUNCTION = YES;
				GCC_WARN_UNUSED_VARIABLE = YES;
				IPHONEOS_DEPLOYMENT_TARGET = 17.5;
				LOCALIZATION_PREFERS_STRING_CATALOGS = YES;
				MTL_ENABLE_DEBUG_INFO = NO;
				MTL_FAST_MATH = YES;
				SDKROOT = iphoneos;
				SWIFT_COMPILATION_MODE = wholemodule;
				VALIDATE_PRODUCT = YES;
			};
			name = Release;
		};
		F3FBBED32EB3AFB40012FABE /* Debug */ = {
			isa = XCBuildConfiguration;
			baseConfigurationReference = F3F460CC2EB3E6AE000069CC /* Config.xcconfig */;
			buildSettings = {
				ASSETCATALOG_COMPILER_APPICON_NAME = AppIcon;
				ASSETCATALOG_COMPILER_GLOBAL_ACCENT_COLOR_NAME = AccentColor;
				CODE_SIGN_STYLE = Automatic;
				CURRENT_PROJECT_VERSION = 1;
				DEVELOPMENT_ASSET_PATHS = "\"coffeeProject/Preview Content\"";
				DEVELOPMENT_TEAM = 3VS5PSVZBG;
				ENABLE_PREVIEWS = YES;
				GENERATE_INFOPLIST_FILE = YES;
				INFOPLIST_FILE = /Users/vladick/Desktop/nayka/coffeeProject/coffeeProject/Info.plist;
				INFOPLIST_KEY_UIApplicationSceneManifest_Generation = YES;
				INFOPLIST_KEY_UIApplicationSupportsIndirectInputEvents = YES;
				INFOPLIST_KEY_UILaunchScreen_Generation = YES;
				INFOPLIST_KEY_UISupportedInterfaceOrientations_iPad = "UIInterfaceOrientationPortrait UIInterfaceOrientationPortraitUpsideDown UIInterfaceOrientationLandscapeLeft UIInterfaceOrientationLandscapeRight";
				INFOPLIST_KEY_UISupportedInterfaceOrientations_iPhone = "UIInterfaceOrientationPortrait UIInterfaceOrientationLandscapeLeft UIInterfaceOrientationLandscapeRight";
				LD_RUNPATH_SEARCH_PATHS = (
					"$(inherited)",
					"@executable_path/Frameworks",
				);
				MARKETING_VERSION = 1.0;
				PRODUCT_BUNDLE_IDENTIFIER = meToo.coffeeProject;
				PRODUCT_NAME = "$(TARGET_NAME)";
				SWIFT_EMIT_LOC_STRINGS = YES;
				SWIFT_VERSION = 5.0;
				TARGETED_DEVICE_FAMILY = "1,2";
			};
			name = Debug;
		};
		F3FBBED42EB3AFB40012FABE /* Release */ = {
			isa = XCBuildConfiguration;
			baseConfigurationReference = F3F460CC2EB3E6AE000069CC /* Config.xcconfig */;
			buildSettings = {
				ASSETCATALOG_COMPILER_APPICON_NAME = AppIcon;
				ASSETCATALOG_COMPILER_GLOBAL_ACCENT_COLOR_NAME = AccentColor;
				CODE_SIGN_STYLE = Automatic;
				CURRENT_PROJECT_VERSION = 1;
				DEVELOPMENT_ASSET_PATHS = "\"coffeeProject/Preview Content\"";
				DEVELOPMENT_TEAM = 3VS5PSVZBG;
				ENABLE_PREVIEWS = YES;
				GENERATE_INFOPLIST_FILE = YES;
				INFOPLIST_FILE = /Users/vladick/Desktop/nayka/coffeeProject/coffeeProject/Info.plist;
				INFOPLIST_KEY_UIApplicationSceneManifest_Generation = YES;
				INFOPLIST_KEY_UIApplicationSupportsIndirectInputEvents = YES;
				INFOPLIST_KEY_UILaunchScreen_Generation = YES;
				INFOPLIST_KEY_UISupportedInterfaceOrientations_iPad = "UIInterfaceOrientationPortrait UIInterfaceOrientationPortraitUpsideDown UIInterfaceOrientationLandscapeLeft UIInterfaceOrientationLandscapeRight";
				INFOPLIST_KEY_UISupportedInterfaceOrientations_iPhone = "UIInterfaceOrientationPortrait UIInterfaceOrientationLandscapeLeft UIInterfaceOrientationLandscapeRight";
				LD_RUNPATH_SEARCH_PATHS = (
					"$(inherited)",
					"@executable_path/Frameworks",
				);
				MARKETING_VERSION = 1.0;
				PRODUCT_BUNDLE_IDENTIFIER = meToo.coffeeProject;
				PRODUCT_NAME = "$(TARGET_NAME)";
				SWIFT_EMIT_LOC_STRINGS = YES;
				SWIFT_VERSION = 5.0;
				TARGETED_DEVICE_FAMILY = "1,2";
			};
			name = Release;
		};
/* End XCBuildConfiguration section */

/* Begin XCConfigurationList section */
		F3905E682EC38C320030443A /* Build configuration list for PBXNativeTarget "coffeeProjectTests" */ = {
			isa = XCConfigurationList;
			buildConfigurations = (
				F3905E662EC38C320030443A /* Debug */,
				F3905E672EC38C320030443A /* Release */,
			);
			defaultConfigurationIsVisible = 0;
			defaultConfigurationName = Release;
		};
		F3FBBEBF2EB3AFB30012FABE /* Build configuration list for PBXProject "coffeeProject" */ = {
			isa = XCConfigurationList;
			buildConfigurations = (
				F3FBBED02EB3AFB40012FABE /* Debug */,
				F3FBBED12EB3AFB40012FABE /* Release */,
			);
			defaultConfigurationIsVisible = 0;
			defaultConfigurationName = Release;
		};
		F3FBBED22EB3AFB40012FABE /* Build configuration list for PBXNativeTarget "coffeeProject" */ = {
			isa = XCConfigurationList;
			buildConfigurations = (
				F3FBBED32EB3AFB40012FABE /* Debug */,
				F3FBBED42EB3AFB40012FABE /* Release */,
			);
			defaultConfigurationIsVisible = 0;
			defaultConfigurationName = Release;
		};
/* End XCConfigurationList section */
	};
	rootObject = F3FBBEBC2EB3AFB30012FABE /* Project object */;
}
